// !$*UTF8*$!
{
	archiveVersion = 1;
	classes = {
	};
	objectVersion = 56;
	objects = {

/* Begin PBXBuildFile section */
		11360CCC2ACDA37400A15CF6 /* BanterClub.swift in Sources */ = {isa = PBXBuildFile; fileRef = 11360CCB2ACDA37400A15CF6 /* BanterClub.swift */; };
		11B0BB652ACC089D004AE035 /* EscapadesApp.swift in Sources */ = {isa = PBXBuildFile; fileRef = 11B0BB642ACC089D004AE035 /* EscapadesApp.swift */; };
		11B0BB672ACC089D004AE035 /* ContentView.swift in Sources */ = {isa = PBXBuildFile; fileRef = 11B0BB662ACC089D004AE035 /* ContentView.swift */; };
		11B0BB692ACC089E004AE035 /* Assets.xcassets in Resources */ = {isa = PBXBuildFile; fileRef = 11B0BB682ACC089E004AE035 /* Assets.xcassets */; };
		11B0BB6C2ACC089E004AE035 /* Preview Assets.xcassets in Resources */ = {isa = PBXBuildFile; fileRef = 11B0BB6B2ACC089E004AE035 /* Preview Assets.xcassets */; };
		11B0BB742ACC14DB004AE035 /* LayeredStackElement.swift in Sources */ = {isa = PBXBuildFile; fileRef = 11B0BB732ACC14DB004AE035 /* LayeredStackElement.swift */; };
		11B0BB772ACC1631004AE035 /* Modifier+Extensions.swift in Sources */ = {isa = PBXBuildFile; fileRef = 11B0BB762ACC1631004AE035 /* Modifier+Extensions.swift */; };
		11B0BB792ACC1E96004AE035 /* LayeredStackShowcase.swift in Sources */ = {isa = PBXBuildFile; fileRef = 11B0BB782ACC1E96004AE035 /* LayeredStackShowcase.swift */; };
		11B0BB7C2ACC3C4D004AE035 /* Transactions.swift in Sources */ = {isa = PBXBuildFile; fileRef = 11B0BB7B2ACC3C4D004AE035 /* Transactions.swift */; };
/* End PBXBuildFile section */

/* Begin PBXFileReference section */
		11360CCB2ACDA37400A15CF6 /* BanterClub.swift */ = {isa = PBXFileReference; lastKnownFileType = sourcecode.swift; path = BanterClub.swift; sourceTree = "<group>"; };
		11B0BB612ACC089D004AE035 /* Escapades.app */ = {isa = PBXFileReference; explicitFileType = wrapper.application; includeInIndex = 0; path = Escapades.app; sourceTree = BUILT_PRODUCTS_DIR; };
		11B0BB642ACC089D004AE035 /* EscapadesApp.swift */ = {isa = PBXFileReference; lastKnownFileType = sourcecode.swift; path = EscapadesApp.swift; sourceTree = "<group>"; };
		11B0BB662ACC089D004AE035 /* ContentView.swift */ = {isa = PBXFileReference; lastKnownFileType = sourcecode.swift; path = ContentView.swift; sourceTree = "<group>"; };
		11B0BB682ACC089E004AE035 /* Assets.xcassets */ = {isa = PBXFileReference; lastKnownFileType = folder.assetcatalog; path = Assets.xcassets; sourceTree = "<group>"; };
		11B0BB6B2ACC089E004AE035 /* Preview Assets.xcassets */ = {isa = PBXFileReference; lastKnownFileType = folder.assetcatalog; path = "Preview Assets.xcassets"; sourceTree = "<group>"; };
		11B0BB732ACC14DB004AE035 /* LayeredStackElement.swift */ = {isa = PBXFileReference; lastKnownFileType = sourcecode.swift; path = LayeredStackElement.swift; sourceTree = "<group>"; };
		11B0BB762ACC1631004AE035 /* Modifier+Extensions.swift */ = {isa = PBXFileReference; lastKnownFileType = sourcecode.swift; path = "Modifier+Extensions.swift"; sourceTree = "<group>"; };
		11B0BB782ACC1E96004AE035 /* LayeredStackShowcase.swift */ = {isa = PBXFileReference; lastKnownFileType = sourcecode.swift; path = LayeredStackShowcase.swift; sourceTree = "<group>"; };
		11B0BB7B2ACC3C4D004AE035 /* Transactions.swift */ = {isa = PBXFileReference; lastKnownFileType = sourcecode.swift; path = Transactions.swift; sourceTree = "<group>"; };
/* End PBXFileReference section */

/* Begin PBXFrameworksBuildPhase section */
		11B0BB5E2ACC089D004AE035 /* Frameworks */ = {
			isa = PBXFrameworksBuildPhase;
			buildActionMask = 2147483647;
			files = (
			);
			runOnlyForDeploymentPostprocessing = 0;
		};
/* End PBXFrameworksBuildPhase section */

/* Begin PBXGroup section */
		119CE6EC2ACD94DD00F01D67 /* Banter Club */ = {
			isa = PBXGroup;
			children = (
				119CE6ED2ACD94FD00F01D67 /* Models */,
				11360CCB2ACDA37400A15CF6 /* BanterClub.swift */,
			);
			path = "Banter Club";
			sourceTree = "<group>";
		};
		119CE6ED2ACD94FD00F01D67 /* Models */ = {
			isa = PBXGroup;
			children = (
			);
			path = Models;
			sourceTree = "<group>";
		};
		11B0BB582ACC089D004AE035 = {
			isa = PBXGroup;
			children = (
				11B0BB632ACC089D004AE035 /* Escapades */,
				11B0BB622ACC089D004AE035 /* Products */,
			);
			sourceTree = "<group>";
		};
		11B0BB622ACC089D004AE035 /* Products */ = {
			isa = PBXGroup;
			children = (
				11B0BB612ACC089D004AE035 /* Escapades.app */,
			);
			name = Products;
			sourceTree = "<group>";
		};
		11B0BB632ACC089D004AE035 /* Escapades */ = {
			isa = PBXGroup;
			children = (
				119CE6EC2ACD94DD00F01D67 /* Banter Club */,
				11B0BB752ACC162C004AE035 /* Helpers */,
				11B0BB722ACC13EC004AE035 /* Layered Stack */,
				11B0BB642ACC089D004AE035 /* EscapadesApp.swift */,
				11B0BB662ACC089D004AE035 /* ContentView.swift */,
				11B0BB682ACC089E004AE035 /* Assets.xcassets */,
				11B0BB6A2ACC089E004AE035 /* Preview Content */,
			);
			path = Escapades;
			sourceTree = "<group>";
		};
		11B0BB6A2ACC089E004AE035 /* Preview Content */ = {
			isa = PBXGroup;
			children = (
				11B0BB6B2ACC089E004AE035 /* Preview Assets.xcassets */,
			);
			path = "Preview Content";
			sourceTree = "<group>";
		};
		11B0BB722ACC13EC004AE035 /* Layered Stack */ = {
			isa = PBXGroup;
			children = (
				11B0BB7A2ACC3B22004AE035 /* Models */,
				11B0BB732ACC14DB004AE035 /* LayeredStackElement.swift */,
				11B0BB782ACC1E96004AE035 /* LayeredStackShowcase.swift */,
			);
			path = "Layered Stack";
			sourceTree = "<group>";
		};
		11B0BB752ACC162C004AE035 /* Helpers */ = {
			isa = PBXGroup;
			children = (
				11B0BB762ACC1631004AE035 /* Modifier+Extensions.swift */,
			);
			path = Helpers;
			sourceTree = "<group>";
		};
		11B0BB7A2ACC3B22004AE035 /* Models */ = {
			isa = PBXGroup;
			children = (
				11B0BB7B2ACC3C4D004AE035 /* Transactions.swift */,
			);
			path = Models;
			sourceTree = "<group>";
		};
/* End PBXGroup section */

/* Begin PBXNativeTarget section */
		11B0BB602ACC089D004AE035 /* Escapades */ = {
			isa = PBXNativeTarget;
			buildConfigurationList = 11B0BB6F2ACC089E004AE035 /* Build configuration list for PBXNativeTarget "Escapades" */;
			buildPhases = (
				11B0BB5D2ACC089D004AE035 /* Sources */,
				11B0BB5E2ACC089D004AE035 /* Frameworks */,
				11B0BB5F2ACC089D004AE035 /* Resources */,
			);
			buildRules = (
			);
			dependencies = (
			);
			name = Escapades;
			productName = Escapades;
			productReference = 11B0BB612ACC089D004AE035 /* Escapades.app */;
			productType = "com.apple.product-type.application";
		};
/* End PBXNativeTarget section */

/* Begin PBXProject section */
		11B0BB592ACC089D004AE035 /* Project object */ = {
			isa = PBXProject;
			attributes = {
				BuildIndependentTargetsInParallel = 1;
				LastSwiftUpdateCheck = 1500;
				LastUpgradeCheck = 1500;
				TargetAttributes = {
					11B0BB602ACC089D004AE035 = {
						CreatedOnToolsVersion = 15.0;
					};
				};
			};
			buildConfigurationList = 11B0BB5C2ACC089D004AE035 /* Build configuration list for PBXProject "Escapades" */;
			compatibilityVersion = "Xcode 14.0";
			developmentRegion = en;
			hasScannedForEncodings = 0;
			knownRegions = (
				en,
				Base,
			);
			mainGroup = 11B0BB582ACC089D004AE035;
			productRefGroup = 11B0BB622ACC089D004AE035 /* Products */;
			projectDirPath = "";
			projectRoot = "";
			targets = (
				11B0BB602ACC089D004AE035 /* Escapades */,
			);
		};
/* End PBXProject section */

/* Begin PBXResourcesBuildPhase section */
		11B0BB5F2ACC089D004AE035 /* Resources */ = {
			isa = PBXResourcesBuildPhase;
			buildActionMask = 2147483647;
			files = (
				11B0BB6C2ACC089E004AE035 /* Preview Assets.xcassets in Resources */,
				11B0BB692ACC089E004AE035 /* Assets.xcassets in Resources */,
			);
			runOnlyForDeploymentPostprocessing = 0;
		};
/* End PBXResourcesBuildPhase section */

/* Begin PBXSourcesBuildPhase section */
		11B0BB5D2ACC089D004AE035 /* Sources */ = {
			isa = PBXSourcesBuildPhase;
			buildActionMask = 2147483647;
			files = (
				11B0BB7C2ACC3C4D004AE035 /* Transactions.swift in Sources */,
				11360CCC2ACDA37400A15CF6 /* BanterClub.swift in Sources */,
				11B0BB792ACC1E96004AE035 /* LayeredStackShowcase.swift in Sources */,
				11B0BB672ACC089D004AE035 /* ContentView.swift in Sources */,
				11B0BB652ACC089D004AE035 /* EscapadesApp.swift in Sources */,
				11B0BB772ACC1631004AE035 /* Modifier+Extensions.swift in Sources */,
				11B0BB742ACC14DB004AE035 /* LayeredStackElement.swift in Sources */,
			);
			runOnlyForDeploymentPostprocessing = 0;
		};
/* End PBXSourcesBuildPhase section */

/* Begin XCBuildConfiguration section */
		11B0BB6D2ACC089E004AE035 /* Debug */ = {
			isa = XCBuildConfiguration;
			buildSettings = {
				ALWAYS_SEARCH_USER_PATHS = NO;
				ASSETCATALOG_COMPILER_GENERATE_SWIFT_ASSET_SYMBOL_EXTENSIONS = YES;
				CLANG_ANALYZER_NONNULL = YES;
				CLANG_ANALYZER_NUMBER_OBJECT_CONVERSION = YES_AGGRESSIVE;
				CLANG_CXX_LANGUAGE_STANDARD = "gnu++20";
				CLANG_ENABLE_MODULES = YES;
				CLANG_ENABLE_OBJC_ARC = YES;
				CLANG_ENABLE_OBJC_WEAK = YES;
				CLANG_WARN_BLOCK_CAPTURE_AUTORELEASING = YES;
				CLANG_WARN_BOOL_CONVERSION = YES;
				CLANG_WARN_COMMA = YES;
				CLANG_WARN_CONSTANT_CONVERSION = YES;
				CLANG_WARN_DEPRECATED_OBJC_IMPLEMENTATIONS = YES;
				CLANG_WARN_DIRECT_OBJC_ISA_USAGE = YES_ERROR;
				CLANG_WARN_DOCUMENTATION_COMMENTS = YES;
				CLANG_WARN_EMPTY_BODY = YES;
				CLANG_WARN_ENUM_CONVERSION = YES;
				CLANG_WARN_INFINITE_RECURSION = YES;
				CLANG_WARN_INT_CONVERSION = YES;
				CLANG_WARN_NON_LITERAL_NULL_CONVERSION = YES;
				CLANG_WARN_OBJC_IMPLICIT_RETAIN_SELF = YES;
				CLANG_WARN_OBJC_LITERAL_CONVERSION = YES;
				CLANG_WARN_OBJC_ROOT_CLASS = YES_ERROR;
				CLANG_WARN_QUOTED_INCLUDE_IN_FRAMEWORK_HEADER = YES;
				CLANG_WARN_RANGE_LOOP_ANALYSIS = YES;
				CLANG_WARN_STRICT_PROTOTYPES = YES;
				CLANG_WARN_SUSPICIOUS_MOVE = YES;
				CLANG_WARN_UNGUARDED_AVAILABILITY = YES_AGGRESSIVE;
				CLANG_WARN_UNREACHABLE_CODE = YES;
				CLANG_WARN__DUPLICATE_METHOD_MATCH = YES;
				COPY_PHASE_STRIP = NO;
				DEBUG_INFORMATION_FORMAT = dwarf;
				ENABLE_STRICT_OBJC_MSGSEND = YES;
				ENABLE_TESTABILITY = YES;
				ENABLE_USER_SCRIPT_SANDBOXING = YES;
				GCC_C_LANGUAGE_STANDARD = gnu17;
				GCC_DYNAMIC_NO_PIC = NO;
				GCC_NO_COMMON_BLOCKS = YES;
				GCC_OPTIMIZATION_LEVEL = 0;
				GCC_PREPROCESSOR_DEFINITIONS = (
					"DEBUG=1",
					"$(inherited)",
				);
				GCC_WARN_64_TO_32_BIT_CONVERSION = YES;
				GCC_WARN_ABOUT_RETURN_TYPE = YES_ERROR;
				GCC_WARN_UNDECLARED_SELECTOR = YES;
				GCC_WARN_UNINITIALIZED_AUTOS = YES_AGGRESSIVE;
				GCC_WARN_UNUSED_FUNCTION = YES;
				GCC_WARN_UNUSED_VARIABLE = YES;
				IPHONEOS_DEPLOYMENT_TARGET = 17.0;
				LOCALIZATION_PREFERS_STRING_CATALOGS = YES;
				MTL_ENABLE_DEBUG_INFO = INCLUDE_SOURCE;
				MTL_FAST_MATH = YES;
				ONLY_ACTIVE_ARCH = YES;
				SDKROOT = iphoneos;
				SWIFT_ACTIVE_COMPILATION_CONDITIONS = "DEBUG $(inherited)";
				SWIFT_OPTIMIZATION_LEVEL = "-Onone";
			};
			name = Debug;
		};
		11B0BB6E2ACC089E004AE035 /* Release */ = {
			isa = XCBuildConfiguration;
			buildSettings = {
				ALWAYS_SEARCH_USER_PATHS = NO;
				ASSETCATALOG_COMPILER_GENERATE_SWIFT_ASSET_SYMBOL_EXTENSIONS = YES;
				CLANG_ANALYZER_NONNULL = YES;
				CLANG_ANALYZER_NUMBER_OBJECT_CONVERSION = YES_AGGRESSIVE;
				CLANG_CXX_LANGUAGE_STANDARD = "gnu++20";
				CLANG_ENABLE_MODULES = YES;
				CLANG_ENABLE_OBJC_ARC = YES;
				CLANG_ENABLE_OBJC_WEAK = YES;
				CLANG_WARN_BLOCK_CAPTURE_AUTORELEASING = YES;
				CLANG_WARN_BOOL_CONVERSION = YES;
				CLANG_WARN_COMMA = YES;
				CLANG_WARN_CONSTANT_CONVERSION = YES;
				CLANG_WARN_DEPRECATED_OBJC_IMPLEMENTATIONS = YES;
				CLANG_WARN_DIRECT_OBJC_ISA_USAGE = YES_ERROR;
				CLANG_WARN_DOCUMENTATION_COMMENTS = YES;
				CLANG_WARN_EMPTY_BODY = YES;
				CLANG_WARN_ENUM_CONVERSION = YES;
				CLANG_WARN_INFINITE_RECURSION = YES;
				CLANG_WARN_INT_CONVERSION = YES;
				CLANG_WARN_NON_LITERAL_NULL_CONVERSION = YES;
				CLANG_WARN_OBJC_IMPLICIT_RETAIN_SELF = YES;
				CLANG_WARN_OBJC_LITERAL_CONVERSION = YES;
				CLANG_WARN_OBJC_ROOT_CLASS = YES_ERROR;
				CLANG_WARN_QUOTED_INCLUDE_IN_FRAMEWORK_HEADER = YES;
				CLANG_WARN_RANGE_LOOP_ANALYSIS = YES;
				CLANG_WARN_STRICT_PROTOTYPES = YES;
				CLANG_WARN_SUSPICIOUS_MOVE = YES;
				CLANG_WARN_UNGUARDED_AVAILABILITY = YES_AGGRESSIVE;
				CLANG_WARN_UNREACHABLE_CODE = YES;
				CLANG_WARN__DUPLICATE_METHOD_MATCH = YES;
				COPY_PHASE_STRIP = NO;
				DEBUG_INFORMATION_FORMAT = "dwarf-with-dsym";
				ENABLE_NS_ASSERTIONS = NO;
				ENABLE_STRICT_OBJC_MSGSEND = YES;
				ENABLE_USER_SCRIPT_SANDBOXING = YES;
				GCC_C_LANGUAGE_STANDARD = gnu17;
				GCC_NO_COMMON_BLOCKS = YES;
				GCC_WARN_64_TO_32_BIT_CONVERSION = YES;
				GCC_WARN_ABOUT_RETURN_TYPE = YES_ERROR;
				GCC_WARN_UNDECLARED_SELECTOR = YES;
				GCC_WARN_UNINITIALIZED_AUTOS = YES_AGGRESSIVE;
				GCC_WARN_UNUSED_FUNCTION = YES;
				GCC_WARN_UNUSED_VARIABLE = YES;
				IPHONEOS_DEPLOYMENT_TARGET = 17.0;
				LOCALIZATION_PREFERS_STRING_CATALOGS = YES;
				MTL_ENABLE_DEBUG_INFO = NO;
				MTL_FAST_MATH = YES;
				SDKROOT = iphoneos;
				SWIFT_COMPILATION_MODE = wholemodule;
				VALIDATE_PRODUCT = YES;
			};
			name = Release;
		};
		11B0BB702ACC089E004AE035 /* Debug */ = {
			isa = XCBuildConfiguration;
			buildSettings = {
				ASSETCATALOG_COMPILER_APPICON_NAME = AppIcon;
				ASSETCATALOG_COMPILER_GLOBAL_ACCENT_COLOR_NAME = AccentColor;
				CODE_SIGN_STYLE = Automatic;
				CURRENT_PROJECT_VERSION = 1;
				DEVELOPMENT_ASSET_PATHS = "\"Escapades/Preview Content\"";
				DEVELOPMENT_TEAM = 7VFLYD5292;
				ENABLE_PREVIEWS = YES;
				GENERATE_INFOPLIST_FILE = YES;
				INFOPLIST_KEY_UIApplicationSceneManifest_Generation = YES;
				INFOPLIST_KEY_UIApplicationSupportsIndirectInputEvents = YES;
				INFOPLIST_KEY_UILaunchScreen_Generation = YES;
				INFOPLIST_KEY_UISupportedInterfaceOrientations_iPad = "UIInterfaceOrientationPortrait UIInterfaceOrientationPortraitUpsideDown UIInterfaceOrientationLandscapeLeft UIInterfaceOrientationLandscapeRight";
				INFOPLIST_KEY_UISupportedInterfaceOrientations_iPhone = "UIInterfaceOrientationPortrait UIInterfaceOrientationLandscapeLeft UIInterfaceOrientationLandscapeRight";
				LD_RUNPATH_SEARCH_PATHS = (
					"$(inherited)",
					"@executable_path/Frameworks",
				);
				MARKETING_VERSION = 1.0;
				PRODUCT_BUNDLE_IDENTIFIER = com.app.packages.Escapades;
				PRODUCT_NAME = "$(TARGET_NAME)";
				SWIFT_EMIT_LOC_STRINGS = YES;
				SWIFT_VERSION = 5.0;
				TARGETED_DEVICE_FAMILY = "1,2";
			};
			name = Debug;
		};
		11B0BB712ACC089E004AE035 /* Release */ = {
			isa = XCBuildConfiguration;
			buildSettings = {
				ASSETCATALOG_COMPILER_APPICON_NAME = AppIcon;
				ASSETCATALOG_COMPILER_GLOBAL_ACCENT_COLOR_NAME = AccentColor;
				CODE_SIGN_STYLE = Automatic;
				CURRENT_PROJECT_VERSION = 1;
				DEVELOPMENT_ASSET_PATHS = "\"Escapades/Preview Content\"";
				DEVELOPMENT_TEAM = 7VFLYD5292;
				ENABLE_PREVIEWS = YES;
				GENERATE_INFOPLIST_FILE = YES;
				INFOPLIST_KEY_UIApplicationSceneManifest_Generation = YES;
				INFOPLIST_KEY_UIApplicationSupportsIndirectInputEvents = YES;
				INFOPLIST_KEY_UILaunchScreen_Generation = YES;
				INFOPLIST_KEY_UISupportedInterfaceOrientations_iPad = "UIInterfaceOrientationPortrait UIInterfaceOrientationPortraitUpsideDown UIInterfaceOrientationLandscapeLeft UIInterfaceOrientationLandscapeRight";
				INFOPLIST_KEY_UISupportedInterfaceOrientations_iPhone = "UIInterfaceOrientationPortrait UIInterfaceOrientationLandscapeLeft UIInterfaceOrientationLandscapeRight";
				LD_RUNPATH_SEARCH_PATHS = (
					"$(inherited)",
					"@executable_path/Frameworks",
				);
				MARKETING_VERSION = 1.0;
				PRODUCT_BUNDLE_IDENTIFIER = com.app.packages.Escapades;
				PRODUCT_NAME = "$(TARGET_NAME)";
				SWIFT_EMIT_LOC_STRINGS = YES;
				SWIFT_VERSION = 5.0;
				TARGETED_DEVICE_FAMILY = "1,2";
			};
			name = Release;
		};
/* End XCBuildConfiguration section */

/* Begin XCConfigurationList section */
		11B0BB5C2ACC089D004AE035 /* Build configuration list for PBXProject "Escapades" */ = {
			isa = XCConfigurationList;
			buildConfigurations = (
				11B0BB6D2ACC089E004AE035 /* Debug */,
				11B0BB6E2ACC089E004AE035 /* Release */,
			);
			defaultConfigurationIsVisible = 0;
			defaultConfigurationName = Release;
		};
		11B0BB6F2ACC089E004AE035 /* Build configuration list for PBXNativeTarget "Escapades" */ = {
			isa = XCConfigurationList;
			buildConfigurations = (
				11B0BB702ACC089E004AE035 /* Debug */,
				11B0BB712ACC089E004AE035 /* Release */,
			);
			defaultConfigurationIsVisible = 0;
			defaultConfigurationName = Release;
		};
/* End XCConfigurationList section */
	};
	rootObject = 11B0BB592ACC089D004AE035 /* Project object */;
}
